// !$*UTF8*$!
{
	archiveVersion = 1;
	classes = {
	};
	objectVersion = 55;
	objects = {

/* Begin PBXBuildFile section */
		3FD5A5D7278446AF00B7EF34 /* AppDelegate.swift in Sources */ = {isa = PBXBuildFile; fileRef = 3FD5A5D6278446AF00B7EF34 /* AppDelegate.swift */; };
		3FD5A5D9278446AF00B7EF34 /* SceneDelegate.swift in Sources */ = {isa = PBXBuildFile; fileRef = 3FD5A5D8278446AF00B7EF34 /* SceneDelegate.swift */; };
		3FD5A5DB278446AF00B7EF34 /* ViewController.swift in Sources */ = {isa = PBXBuildFile; fileRef = 3FD5A5DA278446AF00B7EF34 /* ViewController.swift */; };
		3FD5A5DE278446AF00B7EF34 /* Main.storyboard in Resources */ = {isa = PBXBuildFile; fileRef = 3FD5A5DC278446AF00B7EF34 /* Main.storyboard */; };
		3FD5A5E0278446B100B7EF34 /* Assets.xcassets in Resources */ = {isa = PBXBuildFile; fileRef = 3FD5A5DF278446B100B7EF34 /* Assets.xcassets */; };
		3FD5A5E3278446B100B7EF34 /* LaunchScreen.storyboard in Resources */ = {isa = PBXBuildFile; fileRef = 3FD5A5E1278446B100B7EF34 /* LaunchScreen.storyboard */; };
		3FD5A6022785CE7B00B7EF34 /* UIUtils.swift in Sources */ = {isa = PBXBuildFile; fileRef = 3FD5A6012785CE7B00B7EF34 /* UIUtils.swift */; };
		3FD5A60527860FF000B7EF34 /* CustomUILabel.swift in Sources */ = {isa = PBXBuildFile; fileRef = 3FD5A60427860FF000B7EF34 /* CustomUILabel.swift */; };
		3FD5A639278F572A00B7EF34 /* MathParser in Frameworks */ = {isa = PBXBuildFile; productRef = 3FD5A638278F572A00B7EF34 /* MathParser */; };
		3FD5A63E278F745C00B7EF34 /* EvaluatorController.swift in Sources */ = {isa = PBXBuildFile; fileRef = 3FD5A63D278F745C00B7EF34 /* EvaluatorController.swift */; };
		3FD5A640278F756F00B7EF34 /* EvaluatorDelegate.swift in Sources */ = {isa = PBXBuildFile; fileRef = 3FD5A63F278F756F00B7EF34 /* EvaluatorDelegate.swift */; };
		3FD5A645278F824000B7EF34 /* CalculatorUI.swift in Sources */ = {isa = PBXBuildFile; fileRef = 3FD5A644278F824000B7EF34 /* CalculatorUI.swift */; };
		3FD5A64B278F831300B7EF34 /* DataBean.swift in Sources */ = {isa = PBXBuildFile; fileRef = 3FD5A64A278F831300B7EF34 /* DataBean.swift */; };
		3FD5A64D278F833F00B7EF34 /* Enums.swift in Sources */ = {isa = PBXBuildFile; fileRef = 3FD5A64C278F833F00B7EF34 /* Enums.swift */; };
		3FD5A651278F896800B7EF34 /* UIConfiguration.swift in Sources */ = {isa = PBXBuildFile; fileRef = 3FD5A650278F896800B7EF34 /* UIConfiguration.swift */; };
		3FD5A653278F9C4400B7EF34 /* ButtonClickDelegate.swift in Sources */ = {isa = PBXBuildFile; fileRef = 3FD5A652278F9C4400B7EF34 /* ButtonClickDelegate.swift */; };
/* End PBXBuildFile section */

/* Begin PBXFileReference section */
		3FD5A5D3278446AF00B7EF34 /* calculator.app */ = {isa = PBXFileReference; explicitFileType = wrapper.application; includeInIndex = 0; path = calculator.app; sourceTree = BUILT_PRODUCTS_DIR; };
		3FD5A5D6278446AF00B7EF34 /* AppDelegate.swift */ = {isa = PBXFileReference; lastKnownFileType = sourcecode.swift; path = AppDelegate.swift; sourceTree = "<group>"; };
		3FD5A5D8278446AF00B7EF34 /* SceneDelegate.swift */ = {isa = PBXFileReference; lastKnownFileType = sourcecode.swift; path = SceneDelegate.swift; sourceTree = "<group>"; };
		3FD5A5DA278446AF00B7EF34 /* ViewController.swift */ = {isa = PBXFileReference; lastKnownFileType = sourcecode.swift; path = ViewController.swift; sourceTree = "<group>"; };
		3FD5A5DD278446AF00B7EF34 /* Base */ = {isa = PBXFileReference; lastKnownFileType = file.storyboard; name = Base; path = Base.lproj/Main.storyboard; sourceTree = "<group>"; };
		3FD5A5DF278446B100B7EF34 /* Assets.xcassets */ = {isa = PBXFileReference; lastKnownFileType = folder.assetcatalog; path = Assets.xcassets; sourceTree = "<group>"; };
		3FD5A5E2278446B100B7EF34 /* Base */ = {isa = PBXFileReference; lastKnownFileType = file.storyboard; name = Base; path = Base.lproj/LaunchScreen.storyboard; sourceTree = "<group>"; };
		3FD5A6012785CE7B00B7EF34 /* UIUtils.swift */ = {isa = PBXFileReference; lastKnownFileType = sourcecode.swift; path = UIUtils.swift; sourceTree = "<group>"; };
		3FD5A60427860FF000B7EF34 /* CustomUILabel.swift */ = {isa = PBXFileReference; lastKnownFileType = sourcecode.swift; path = CustomUILabel.swift; sourceTree = "<group>"; };
		3FD5A61A2788C4F400B7EF34 /* calculator-Bridging-Header.h */ = {isa = PBXFileReference; fileEncoding = 4; lastKnownFileType = sourcecode.c.h; name = "calculator-Bridging-Header.h"; path = "../../../../.Trash/calculator-Bridging-Header.h"; sourceTree = "<group>"; };
		3FD5A63D278F745C00B7EF34 /* EvaluatorController.swift */ = {isa = PBXFileReference; lastKnownFileType = sourcecode.swift; path = EvaluatorController.swift; sourceTree = "<group>"; };
		3FD5A63F278F756F00B7EF34 /* EvaluatorDelegate.swift */ = {isa = PBXFileReference; lastKnownFileType = sourcecode.swift; path = EvaluatorDelegate.swift; sourceTree = "<group>"; };
		3FD5A644278F824000B7EF34 /* CalculatorUI.swift */ = {isa = PBXFileReference; lastKnownFileType = sourcecode.swift; path = CalculatorUI.swift; sourceTree = "<group>"; };
		3FD5A64A278F831300B7EF34 /* DataBean.swift */ = {isa = PBXFileReference; lastKnownFileType = sourcecode.swift; path = DataBean.swift; sourceTree = "<group>"; };
		3FD5A64C278F833F00B7EF34 /* Enums.swift */ = {isa = PBXFileReference; lastKnownFileType = sourcecode.swift; path = Enums.swift; sourceTree = "<group>"; };
		3FD5A650278F896800B7EF34 /* UIConfiguration.swift */ = {isa = PBXFileReference; lastKnownFileType = sourcecode.swift; path = UIConfiguration.swift; sourceTree = "<group>"; };
		3FD5A652278F9C4400B7EF34 /* ButtonClickDelegate.swift */ = {isa = PBXFileReference; lastKnownFileType = sourcecode.swift; path = ButtonClickDelegate.swift; sourceTree = "<group>"; };
/* End PBXFileReference section */

/* Begin PBXFrameworksBuildPhase section */
		3FD5A5D0278446AF00B7EF34 /* Frameworks */ = {
			isa = PBXFrameworksBuildPhase;
			buildActionMask = 2147483647;
			files = (
				3FD5A639278F572A00B7EF34 /* MathParser in Frameworks */,
			);
			runOnlyForDeploymentPostprocessing = 0;
		};
/* End PBXFrameworksBuildPhase section */

/* Begin PBXGroup section */
		3FD5A5CA278446AF00B7EF34 = {
			isa = PBXGroup;
			children = (
				3FD5A5D5278446AF00B7EF34 /* calculator */,
				3FD5A5D4278446AF00B7EF34 /* Products */,
			);
			sourceTree = "<group>";
		};
		3FD5A5D4278446AF00B7EF34 /* Products */ = {
			isa = PBXGroup;
			children = (
				3FD5A5D3278446AF00B7EF34 /* calculator.app */,
			);
			name = Products;
			sourceTree = "<group>";
		};
		3FD5A5D5278446AF00B7EF34 /* calculator */ = {
			isa = PBXGroup;
			children = (
				3FD5A643278F81EC00B7EF34 /* presentation */,
				3FD5A63C278F73F900B7EF34 /* business */,
				3FD5A5D6278446AF00B7EF34 /* AppDelegate.swift */,
				3FD5A5D8278446AF00B7EF34 /* SceneDelegate.swift */,
				3FD5A5DA278446AF00B7EF34 /* ViewController.swift */,
				3FD5A5DC278446AF00B7EF34 /* Main.storyboard */,
				3FD5A5DF278446B100B7EF34 /* Assets.xcassets */,
				3FD5A5E1278446B100B7EF34 /* LaunchScreen.storyboard */,
				3FD5A61A2788C4F400B7EF34 /* calculator-Bridging-Header.h */,
			);
			path = calculator;
			sourceTree = "<group>";
		};
		3FD5A60627860FF700B7EF34 /* views */ = {
			isa = PBXGroup;
			children = (
				3FD5A60427860FF000B7EF34 /* CustomUILabel.swift */,
			);
			path = views;
			sourceTree = "<group>";
		};
		3FD5A63C278F73F900B7EF34 /* business */ = {
			isa = PBXGroup;
			children = (
				3FD5A63D278F745C00B7EF34 /* EvaluatorController.swift */,
				3FD5A63F278F756F00B7EF34 /* EvaluatorDelegate.swift */,
			);
			path = business;
			sourceTree = "<group>";
		};
		3FD5A643278F81EC00B7EF34 /* presentation */ = {
			isa = PBXGroup;
			children = (
				3FD5A60627860FF700B7EF34 /* views */,
				3FD5A644278F824000B7EF34 /* CalculatorUI.swift */,
				3FD5A64A278F831300B7EF34 /* DataBean.swift */,
				3FD5A64C278F833F00B7EF34 /* Enums.swift */,
				3FD5A650278F896800B7EF34 /* UIConfiguration.swift */,
				3FD5A652278F9C4400B7EF34 /* ButtonClickDelegate.swift */,
				3FD5A6012785CE7B00B7EF34 /* UIUtils.swift */,
			);
			path = presentation;
			sourceTree = "<group>";
		};
/* End PBXGroup section */

/* Begin PBXNativeTarget section */
		3FD5A5D2278446AF00B7EF34 /* calculator */ = {
			isa = PBXNativeTarget;
			buildConfigurationList = 3FD5A5E7278446B100B7EF34 /* Build configuration list for PBXNativeTarget "calculator" */;
			buildPhases = (
				3FD5A5CF278446AF00B7EF34 /* Sources */,
				3FD5A5D0278446AF00B7EF34 /* Frameworks */,
				3FD5A5D1278446AF00B7EF34 /* Resources */,
			);
			buildRules = (
			);
			dependencies = (
			);
			name = calculator;
			packageProductDependencies = (
				3FD5A638278F572A00B7EF34 /* MathParser */,
			);
			productName = calculator;
			productReference = 3FD5A5D3278446AF00B7EF34 /* calculator.app */;
			productType = "com.apple.product-type.application";
		};
/* End PBXNativeTarget section */

/* Begin PBXProject section */
		3FD5A5CB278446AF00B7EF34 /* Project object */ = {
			isa = PBXProject;
			attributes = {
				BuildIndependentTargetsInParallel = 1;
				LastSwiftUpdateCheck = 1320;
				LastUpgradeCheck = 1320;
				TargetAttributes = {
					3FD5A5D2278446AF00B7EF34 = {
						CreatedOnToolsVersion = 13.2.1;
						LastSwiftMigration = 1320;
					};
				};
			};
			buildConfigurationList = 3FD5A5CE278446AF00B7EF34 /* Build configuration list for PBXProject "calculator" */;
			compatibilityVersion = "Xcode 13.0";
			developmentRegion = en;
			hasScannedForEncodings = 0;
			knownRegions = (
				en,
				Base,
			);
			mainGroup = 3FD5A5CA278446AF00B7EF34;
			packageReferences = (
				3FD5A637278F572A00B7EF34 /* XCRemoteSwiftPackageReference "DDMathParser" */,
			);
			productRefGroup = 3FD5A5D4278446AF00B7EF34 /* Products */;
			projectDirPath = "";
			projectRoot = "";
			targets = (
				3FD5A5D2278446AF00B7EF34 /* calculator */,
			);
		};
/* End PBXProject section */

/* Begin PBXResourcesBuildPhase section */
		3FD5A5D1278446AF00B7EF34 /* Resources */ = {
			isa = PBXResourcesBuildPhase;
			buildActionMask = 2147483647;
			files = (
				3FD5A5E3278446B100B7EF34 /* LaunchScreen.storyboard in Resources */,
				3FD5A5E0278446B100B7EF34 /* Assets.xcassets in Resources */,
				3FD5A5DE278446AF00B7EF34 /* Main.storyboard in Resources */,
			);
			runOnlyForDeploymentPostprocessing = 0;
		};
/* End PBXResourcesBuildPhase section */

/* Begin PBXSourcesBuildPhase section */
		3FD5A5CF278446AF00B7EF34 /* Sources */ = {
			isa = PBXSourcesBuildPhase;
			buildActionMask = 2147483647;
			files = (
				3FD5A640278F756F00B7EF34 /* EvaluatorDelegate.swift in Sources */,
				3FD5A653278F9C4400B7EF34 /* ButtonClickDelegate.swift in Sources */,
				3FD5A645278F824000B7EF34 /* CalculatorUI.swift in Sources */,
				3FD5A60527860FF000B7EF34 /* CustomUILabel.swift in Sources */,
				3FD5A5DB278446AF00B7EF34 /* ViewController.swift in Sources */,
				3FD5A64B278F831300B7EF34 /* DataBean.swift in Sources */,
				3FD5A651278F896800B7EF34 /* UIConfiguration.swift in Sources */,
				3FD5A64D278F833F00B7EF34 /* Enums.swift in Sources */,
				3FD5A6022785CE7B00B7EF34 /* UIUtils.swift in Sources */,
				3FD5A63E278F745C00B7EF34 /* EvaluatorController.swift in Sources */,
				3FD5A5D7278446AF00B7EF34 /* AppDelegate.swift in Sources */,
				3FD5A5D9278446AF00B7EF34 /* SceneDelegate.swift in Sources */,
			);
			runOnlyForDeploymentPostprocessing = 0;
		};
/* End PBXSourcesBuildPhase section */

/* Begin PBXVariantGroup section */
		3FD5A5DC278446AF00B7EF34 /* Main.storyboard */ = {
			isa = PBXVariantGroup;
			children = (
				3FD5A5DD278446AF00B7EF34 /* Base */,
			);
			name = Main.storyboard;
			sourceTree = "<group>";
		};
		3FD5A5E1278446B100B7EF34 /* LaunchScreen.storyboard */ = {
			isa = PBXVariantGroup;
			children = (
				3FD5A5E2278446B100B7EF34 /* Base */,
			);
			name = LaunchScreen.storyboard;
			sourceTree = "<group>";
		};
/* End PBXVariantGroup section */

/* Begin XCBuildConfiguration section */
		3FD5A5E5278446B100B7EF34 /* Debug */ = {
			isa = XCBuildConfiguration;
			buildSettings = {
				ALWAYS_SEARCH_USER_PATHS = NO;
				CLANG_ANALYZER_NONNULL = YES;
				CLANG_ANALYZER_NUMBER_OBJECT_CONVERSION = YES_AGGRESSIVE;
				CLANG_CXX_LANGUAGE_STANDARD = "gnu++17";
				CLANG_CXX_LIBRARY = "libc++";
				CLANG_ENABLE_MODULES = YES;
				CLANG_ENABLE_OBJC_ARC = YES;
				CLANG_ENABLE_OBJC_WEAK = YES;
				CLANG_WARN_BLOCK_CAPTURE_AUTORELEASING = YES;
				CLANG_WARN_BOOL_CONVERSION = YES;
				CLANG_WARN_COMMA = YES;
				CLANG_WARN_CONSTANT_CONVERSION = YES;
				CLANG_WARN_DEPRECATED_OBJC_IMPLEMENTATIONS = YES;
				CLANG_WARN_DIRECT_OBJC_ISA_USAGE = YES_ERROR;
				CLANG_WARN_DOCUMENTATION_COMMENTS = YES;
				CLANG_WARN_EMPTY_BODY = YES;
				CLANG_WARN_ENUM_CONVERSION = YES;
				CLANG_WARN_INFINITE_RECURSION = YES;
				CLANG_WARN_INT_CONVERSION = YES;
				CLANG_WARN_NON_LITERAL_NULL_CONVERSION = YES;
				CLANG_WARN_OBJC_IMPLICIT_RETAIN_SELF = YES;
				CLANG_WARN_OBJC_LITERAL_CONVERSION = YES;
				CLANG_WARN_OBJC_ROOT_CLASS = YES_ERROR;
				CLANG_WARN_QUOTED_INCLUDE_IN_FRAMEWORK_HEADER = YES;
				CLANG_WARN_RANGE_LOOP_ANALYSIS = YES;
				CLANG_WARN_STRICT_PROTOTYPES = YES;
				CLANG_WARN_SUSPICIOUS_MOVE = YES;
				CLANG_WARN_UNGUARDED_AVAILABILITY = YES_AGGRESSIVE;
				CLANG_WARN_UNREACHABLE_CODE = YES;
				CLANG_WARN__DUPLICATE_METHOD_MATCH = YES;
				COPY_PHASE_STRIP = NO;
				DEBUG_INFORMATION_FORMAT = dwarf;
				ENABLE_STRICT_OBJC_MSGSEND = YES;
				ENABLE_TESTABILITY = YES;
				GCC_C_LANGUAGE_STANDARD = gnu11;
				GCC_DYNAMIC_NO_PIC = NO;
				GCC_NO_COMMON_BLOCKS = YES;
				GCC_OPTIMIZATION_LEVEL = 0;
				GCC_PREPROCESSOR_DEFINITIONS = (
					"DEBUG=1",
					"$(inherited)",
				);
				GCC_WARN_64_TO_32_BIT_CONVERSION = YES;
				GCC_WARN_ABOUT_RETURN_TYPE = YES_ERROR;
				GCC_WARN_UNDECLARED_SELECTOR = YES;
				GCC_WARN_UNINITIALIZED_AUTOS = YES_AGGRESSIVE;
				GCC_WARN_UNUSED_FUNCTION = YES;
				GCC_WARN_UNUSED_VARIABLE = YES;
				IPHONEOS_DEPLOYMENT_TARGET = 15.2;
				MTL_ENABLE_DEBUG_INFO = INCLUDE_SOURCE;
				MTL_FAST_MATH = YES;
				ONLY_ACTIVE_ARCH = YES;
				SDKROOT = iphoneos;
				SWIFT_ACTIVE_COMPILATION_CONDITIONS = DEBUG;
				SWIFT_OPTIMIZATION_LEVEL = "-Onone";
			};
			name = Debug;
		};
		3FD5A5E6278446B100B7EF34 /* Release */ = {
			isa = XCBuildConfiguration;
			buildSettings = {
				ALWAYS_SEARCH_USER_PATHS = NO;
				CLANG_ANALYZER_NONNULL = YES;
				CLANG_ANALYZER_NUMBER_OBJECT_CONVERSION = YES_AGGRESSIVE;
				CLANG_CXX_LANGUAGE_STANDARD = "gnu++17";
				CLANG_CXX_LIBRARY = "libc++";
				CLANG_ENABLE_MODULES = YES;
				CLANG_ENABLE_OBJC_ARC = YES;
				CLANG_ENABLE_OBJC_WEAK = YES;
				CLANG_WARN_BLOCK_CAPTURE_AUTORELEASING = YES;
				CLANG_WARN_BOOL_CONVERSION = YES;
				CLANG_WARN_COMMA = YES;
				CLANG_WARN_CONSTANT_CONVERSION = YES;
				CLANG_WARN_DEPRECATED_OBJC_IMPLEMENTATIONS = YES;
				CLANG_WARN_DIRECT_OBJC_ISA_USAGE = YES_ERROR;
				CLANG_WARN_DOCUMENTATION_COMMENTS = YES;
				CLANG_WARN_EMPTY_BODY = YES;
				CLANG_WARN_ENUM_CONVERSION = YES;
				CLANG_WARN_INFINITE_RECURSION = YES;
				CLANG_WARN_INT_CONVERSION = YES;
				CLANG_WARN_NON_LITERAL_NULL_CONVERSION = YES;
				CLANG_WARN_OBJC_IMPLICIT_RETAIN_SELF = YES;
				CLANG_WARN_OBJC_LITERAL_CONVERSION = YES;
				CLANG_WARN_OBJC_ROOT_CLASS = YES_ERROR;
				CLANG_WARN_QUOTED_INCLUDE_IN_FRAMEWORK_HEADER = YES;
				CLANG_WARN_RANGE_LOOP_ANALYSIS = YES;
				CLANG_WARN_STRICT_PROTOTYPES = YES;
				CLANG_WARN_SUSPICIOUS_MOVE = YES;
				CLANG_WARN_UNGUARDED_AVAILABILITY = YES_AGGRESSIVE;
				CLANG_WARN_UNREACHABLE_CODE = YES;
				CLANG_WARN__DUPLICATE_METHOD_MATCH = YES;
				COPY_PHASE_STRIP = NO;
				DEBUG_INFORMATION_FORMAT = "dwarf-with-dsym";
				ENABLE_NS_ASSERTIONS = NO;
				ENABLE_STRICT_OBJC_MSGSEND = YES;
				GCC_C_LANGUAGE_STANDARD = gnu11;
				GCC_NO_COMMON_BLOCKS = YES;
				GCC_WARN_64_TO_32_BIT_CONVERSION = YES;
				GCC_WARN_ABOUT_RETURN_TYPE = YES_ERROR;
				GCC_WARN_UNDECLARED_SELECTOR = YES;
				GCC_WARN_UNINITIALIZED_AUTOS = YES_AGGRESSIVE;
				GCC_WARN_UNUSED_FUNCTION = YES;
				GCC_WARN_UNUSED_VARIABLE = YES;
				IPHONEOS_DEPLOYMENT_TARGET = 15.2;
				MTL_ENABLE_DEBUG_INFO = NO;
				MTL_FAST_MATH = YES;
				SDKROOT = iphoneos;
				SWIFT_COMPILATION_MODE = wholemodule;
				SWIFT_OPTIMIZATION_LEVEL = "-O";
				VALIDATE_PRODUCT = YES;
			};
			name = Release;
		};
		3FD5A5E8278446B100B7EF34 /* Debug */ = {
			isa = XCBuildConfiguration;
			buildSettings = {
				ASSETCATALOG_COMPILER_APPICON_NAME = AppIcon;
				ASSETCATALOG_COMPILER_GLOBAL_ACCENT_COLOR_NAME = AccentColor;
				CLANG_ENABLE_MODULES = YES;
				CODE_SIGN_STYLE = Automatic;
				CURRENT_PROJECT_VERSION = 1;
				DEVELOPMENT_TEAM = 63MFV994FY;
				GENERATE_INFOPLIST_FILE = YES;
				INFOPLIST_FILE = calculator/Info.plist;
				INFOPLIST_KEY_UIApplicationSupportsIndirectInputEvents = YES;
				INFOPLIST_KEY_UILaunchStoryboardName = LaunchScreen;
				INFOPLIST_KEY_UIMainStoryboardFile = Main;
				INFOPLIST_KEY_UISupportedInterfaceOrientations_iPad = "UIInterfaceOrientationPortrait UIInterfaceOrientationPortraitUpsideDown UIInterfaceOrientationLandscapeLeft UIInterfaceOrientationLandscapeRight";
				INFOPLIST_KEY_UISupportedInterfaceOrientations_iPhone = "UIInterfaceOrientationPortrait UIInterfaceOrientationLandscapeLeft UIInterfaceOrientationLandscapeRight";
				IPHONEOS_DEPLOYMENT_TARGET = 13.0;
				LD_RUNPATH_SEARCH_PATHS = (
					"$(inherited)",
					"@executable_path/Frameworks",
				);
				MARKETING_VERSION = 1.0;
				PRODUCT_BUNDLE_IDENTIFIER = it.stefanodp91.ios.calculator;
				PRODUCT_NAME = "$(TARGET_NAME)";
				SWIFT_EMIT_LOC_STRINGS = YES;
				SWIFT_OBJC_BRIDGING_HEADER = "";
				SWIFT_OPTIMIZATION_LEVEL = "-Onone";
				SWIFT_VERSION = 5.0;
				TARGETED_DEVICE_FAMILY = "1,2";
			};
			name = Debug;
		};
		3FD5A5E9278446B100B7EF34 /* Release */ = {
			isa = XCBuildConfiguration;
			buildSettings = {
				ASSETCATALOG_COMPILER_APPICON_NAME = AppIcon;
				ASSETCATALOG_COMPILER_GLOBAL_ACCENT_COLOR_NAME = AccentColor;
				CLANG_ENABLE_MODULES = YES;
				CODE_SIGN_STYLE = Automatic;
				CURRENT_PROJECT_VERSION = 1;
				DEVELOPMENT_TEAM = 63MFV994FY;
				GENERATE_INFOPLIST_FILE = YES;
				INFOPLIST_FILE = calculator/Info.plist;
				INFOPLIST_KEY_UIApplicationSupportsIndirectInputEvents = YES;
				INFOPLIST_KEY_UILaunchStoryboardName = LaunchScreen;
				INFOPLIST_KEY_UIMainStoryboardFile = Main;
				INFOPLIST_KEY_UISupportedInterfaceOrientations_iPad = "UIInterfaceOrientationPortrait UIInterfaceOrientationPortraitUpsideDown UIInterfaceOrientationLandscapeLeft UIInterfaceOrientationLandscapeRight";
				INFOPLIST_KEY_UISupportedInterfaceOrientations_iPhone = "UIInterfaceOrientationPortrait UIInterfaceOrientationLandscapeLeft UIInterfaceOrientationLandscapeRight";
				IPHONEOS_DEPLOYMENT_TARGET = 13.0;
				LD_RUNPATH_SEARCH_PATHS = (
					"$(inherited)",
					"@executable_path/Frameworks",
				);
				MARKETING_VERSION = 1.0;
				PRODUCT_BUNDLE_IDENTIFIER = it.stefanodp91.ios.calculator;
				PRODUCT_NAME = "$(TARGET_NAME)";
				SWIFT_EMIT_LOC_STRINGS = YES;
				SWIFT_OBJC_BRIDGING_HEADER = "";
				SWIFT_VERSION = 5.0;
				TARGETED_DEVICE_FAMILY = "1,2";
			};
			name = Release;
		};
/* End XCBuildConfiguration section */

/* Begin XCConfigurationList section */
		3FD5A5CE278446AF00B7EF34 /* Build configuration list for PBXProject "calculator" */ = {
			isa = XCConfigurationList;
			buildConfigurations = (
				3FD5A5E5278446B100B7EF34 /* Debug */,
				3FD5A5E6278446B100B7EF34 /* Release */,
			);
			defaultConfigurationIsVisible = 0;
			defaultConfigurationName = Release;
		};
		3FD5A5E7278446B100B7EF34 /* Build configuration list for PBXNativeTarget "calculator" */ = {
			isa = XCConfigurationList;
			buildConfigurations = (
				3FD5A5E8278446B100B7EF34 /* Debug */,
				3FD5A5E9278446B100B7EF34 /* Release */,
			);
			defaultConfigurationIsVisible = 0;
			defaultConfigurationName = Release;
		};
/* End XCConfigurationList section */

/* Begin XCRemoteSwiftPackageReference section */
		3FD5A637278F572A00B7EF34 /* XCRemoteSwiftPackageReference "DDMathParser" */ = {
			isa = XCRemoteSwiftPackageReference;
			repositoryURL = "https://github.com/davedelong/DDMathParser.git";
			requirement = {
				branch = master;
				kind = branch;
			};
		};
/* End XCRemoteSwiftPackageReference section */

/* Begin XCSwiftPackageProductDependency section */
		3FD5A638278F572A00B7EF34 /* MathParser */ = {
			isa = XCSwiftPackageProductDependency;
			package = 3FD5A637278F572A00B7EF34 /* XCRemoteSwiftPackageReference "DDMathParser" */;
			productName = MathParser;
		};
/* End XCSwiftPackageProductDependency section */
	};
	rootObject = 3FD5A5CB278446AF00B7EF34 /* Project object */;
}
