{
  "object": {
    "pins": [
      {
        "package": "MathParser",
        "repositoryURL": "https://github.com/davedelong/DDMathParser.git",
        "state": {
          "branch": "master",
          "revision": "6f5bd1281216200dfb96998836fcb35ef7cd024e",
          "version": null
        }
      }
    ]
  },
  "version": 1
}
